// !$*UTF8*$!
{
	archiveVersion = 1;
	classes = {
	};
	objectVersion = 46;
	objects = {

/* Begin PBXBuildFile section */
		6E05B66816F6CDDB00008413 /* SpatialHelper.m in Sources */ = {isa = PBXBuildFile; fileRef = 6E05B66716F6CDDB00008413 /* SpatialHelper.m */; };
		6E05B66A16F6DA6700008413 /* SpatialHelperSpec.mm in Sources */ = {isa = PBXBuildFile; fileRef = 6E05B66916F6DA6700008413 /* SpatialHelperSpec.mm */; settings = {COMPILER_FLAGS = "-fno-objc-arc"; }; };
		6E05B66C16F8150000008413 /* LocusConstants.h in Sources */ = {isa = PBXBuildFile; fileRef = 6E05B66B16F8141000008413 /* LocusConstants.h */; };
		6E05B66D16F81D2700008413 /* SpatialHelper.m in Sources */ = {isa = PBXBuildFile; fileRef = 6E05B66716F6CDDB00008413 /* SpatialHelper.m */; };
		6E352CD61762E4E700D2B7E7 /* BuildingViewController.m in Sources */ = {isa = PBXBuildFile; fileRef = 6E352CD51762E4E700D2B7E7 /* BuildingViewController.m */; };
		6E352CD81762E5B000D2B7E7 /* BuildingViewController_iPhone.xib in Resources */ = {isa = PBXBuildFile; fileRef = 6E352CD71762E5B000D2B7E7 /* BuildingViewController_iPhone.xib */; };
		6E352CDB1762FD7700D2B7E7 /* LocusViewController.m in Sources */ = {isa = PBXBuildFile; fileRef = 6E352CDA1762FD7700D2B7E7 /* LocusViewController.m */; };
		6E352CDD1765349E00D2B7E7 /* CampusViewControllerSpec.mm in Sources */ = {isa = PBXBuildFile; fileRef = 6E352CDC1765349E00D2B7E7 /* CampusViewControllerSpec.mm */; settings = {COMPILER_FLAGS = "-fno-objc-arc"; }; };
		6E5BA1A616EC3CB10052ACBF /* CouchDBHelper.m in Sources */ = {isa = PBXBuildFile; fileRef = 6E5BA1A516EC3CB10052ACBF /* CouchDBHelper.m */; };
		6E5BA1A716EC3CB10052ACBF /* CouchDBHelper.m in Sources */ = {isa = PBXBuildFile; fileRef = 6E5BA1A516EC3CB10052ACBF /* CouchDBHelper.m */; };
		6E5BA1A916EC45C50052ACBF /* CouchbaseHelperSpec.mm in Sources */ = {isa = PBXBuildFile; fileRef = 6E5BA1A816EC45C50052ACBF /* CouchbaseHelperSpec.mm */; settings = {COMPILER_FLAGS = "-fno-objc-arc"; }; };
		6E62238216AD011E003F5490 /* Campus.m in Sources */ = {isa = PBXBuildFile; fileRef = 6E62238116AD011E003F5490 /* Campus.m */; };
		6E62238316AD08E9003F5490 /* Location.m in Sources */ = {isa = PBXBuildFile; fileRef = 6EA85D5316A27BE00036451C /* Location.m */; };
		6E62238516AD0910003F5490 /* Campus.m in Sources */ = {isa = PBXBuildFile; fileRef = 6E62238116AD011E003F5490 /* Campus.m */; };
		6E6F12DC174F1F7600E23374 /* CampusSpec.mm in Sources */ = {isa = PBXBuildFile; fileRef = 6E6F12DB174F1F7600E23374 /* CampusSpec.mm */; settings = {COMPILER_FLAGS = "-fno-objc-arc"; }; };
		6E72F2CB1728E611001D8BF6 /* ApplicationConstants.m in Sources */ = {isa = PBXBuildFile; fileRef = 6EA422D41727969800558B70 /* ApplicationConstants.m */; };
		6E77A39517DD760D00873D1E /* CouchDBHelperAsync.m in Sources */ = {isa = PBXBuildFile; fileRef = 6E77A39417DD760D00873D1E /* CouchDBHelperAsync.m */; };
		6E77A39617DD846B00873D1E /* CouchDBHelperAsync.m in Sources */ = {isa = PBXBuildFile; fileRef = 6E77A39417DD760D00873D1E /* CouchDBHelperAsync.m */; };
		6E9127B91779562A00F735D4 /* MockCampus.m in Sources */ = {isa = PBXBuildFile; fileRef = 6E9127B81779562A00F735D4 /* MockCampus.m */; };
		6E9127BB177A86D100F735D4 /* BuildingViewController_iPad.xib in Resources */ = {isa = PBXBuildFile; fileRef = 6E9127BA177A86D100F735D4 /* BuildingViewController_iPad.xib */; };
		6E9127BD177A98F600F735D4 /* BuildingViewControllerSpec.mm in Sources */ = {isa = PBXBuildFile; fileRef = 6E9127BC177A98F600F735D4 /* BuildingViewControllerSpec.mm */; settings = {COMPILER_FLAGS = "-fno-objc-arc"; }; };
		6E9127C0177A9E5D00F735D4 /* Building.m in Sources */ = {isa = PBXBuildFile; fileRef = 6E9127BF177A9E5D00F735D4 /* Building.m */; };
		6E9127C2177A9F7200F735D4 /* BuildingSpec.mm in Sources */ = {isa = PBXBuildFile; fileRef = 6E9127C1177A9F7200F735D4 /* BuildingSpec.mm */; settings = {COMPILER_FLAGS = "-fno-objc-arc"; }; };
		6E9127C4177BECA500F735D4 /* Datasource.m in Sources */ = {isa = PBXBuildFile; fileRef = 6E9127C3177BECA500F735D4 /* Datasource.m */; };
		6E9127C5177BEFA700F735D4 /* Datasource.m in Sources */ = {isa = PBXBuildFile; fileRef = 6E9127C3177BECA500F735D4 /* Datasource.m */; };
		6E9127C6177C04CD00F735D4 /* Building.m in Sources */ = {isa = PBXBuildFile; fileRef = 6E9127BF177A9E5D00F735D4 /* Building.m */; };
		6EA422D11727286300558B70 /* CouchConstants.m in Sources */ = {isa = PBXBuildFile; fileRef = 6EA422D01727286300558B70 /* CouchConstants.m */; };
		6EA422D21727562800558B70 /* CouchConstants.m in Sources */ = {isa = PBXBuildFile; fileRef = 6EA422D01727286300558B70 /* CouchConstants.m */; };
		6EA422D51727969900558B70 /* ApplicationConstants.m in Sources */ = {isa = PBXBuildFile; fileRef = 6EA422D41727969800558B70 /* ApplicationConstants.m */; };
		6EA85D3C16A25B230036451C /* UIKit.framework in Frameworks */ = {isa = PBXBuildFile; fileRef = 6EF3B836169D295F00BB1A35 /* UIKit.framework */; };
		6EA85D3D16A25B230036451C /* Foundation.framework in Frameworks */ = {isa = PBXBuildFile; fileRef = 6EF3B838169D295F00BB1A35 /* Foundation.framework */; };
		6EA85D3E16A25B230036451C /* CoreGraphics.framework in Frameworks */ = {isa = PBXBuildFile; fileRef = 6EF3B83A169D295F00BB1A35 /* CoreGraphics.framework */; };
		6EA85D4416A25B230036451C /* InfoPlist.strings in Resources */ = {isa = PBXBuildFile; fileRef = 6EA85D4216A25B230036451C /* InfoPlist.strings */; };
		6EA85D4616A25B230036451C /* main.m in Sources */ = {isa = PBXBuildFile; fileRef = 6EA85D4516A25B230036451C /* main.m */; };
		6EA85D4916A25B240036451C /* Cedar-iOS.framework in Frameworks */ = {isa = PBXBuildFile; fileRef = 6EA85D4816A25B240036451C /* Cedar-iOS.framework */; };
		6EA85D4B16A25B240036451C /* ExampleSpec.mm in Sources */ = {isa = PBXBuildFile; fileRef = 6EA85D4A16A25B240036451C /* ExampleSpec.mm */; settings = {COMPILER_FLAGS = "-fno-objc-arc"; }; };
		6EA85D5116A27AB40036451C /* LocationSpec.mm in Sources */ = {isa = PBXBuildFile; fileRef = 6EA85D5016A27AB40036451C /* LocationSpec.mm */; settings = {COMPILER_FLAGS = "-fno-objc-arc"; }; };
		6EA85D5416A27BE00036451C /* Location.m in Sources */ = {isa = PBXBuildFile; fileRef = 6EA85D5316A27BE00036451C /* Location.m */; };
		6EA85D5816A7C0130036451C /* CoreLocation.framework in Frameworks */ = {isa = PBXBuildFile; fileRef = 6EA85D5716A7C0120036451C /* CoreLocation.framework */; };
		6EA85D5A16A7C4BB0036451C /* CoreLocation.framework in Frameworks */ = {isa = PBXBuildFile; fileRef = 6EA85D5716A7C0120036451C /* CoreLocation.framework */; };
		6EB03BA416D5E6B30046C440 /* Settings.bundle in Resources */ = {isa = PBXBuildFile; fileRef = 6EB03BA316D5E6B30046C440 /* Settings.bundle */; };
		6ED2C46116CA0631005B0A03 /* User.m in Sources */ = {isa = PBXBuildFile; fileRef = 6ED2C46016CA0631005B0A03 /* User.m */; };
		6ED2C46616CB5215005B0A03 /* User.m in Sources */ = {isa = PBXBuildFile; fileRef = 6ED2C46016CA0631005B0A03 /* User.m */; };
		6ED2C47316D09ABD005B0A03 /* DatasourceSpec.mm in Sources */ = {isa = PBXBuildFile; fileRef = 6ED2C47216D09ABD005B0A03 /* DatasourceSpec.mm */; settings = {COMPILER_FLAGS = "-fno-objc-arc"; }; };
		6ED2C47816D0A272005B0A03 /* Settings.bundle in Resources */ = {isa = PBXBuildFile; fileRef = 6ED2C47716D0A272005B0A03 /* Settings.bundle */; };
		6ED2C47916D1E163005B0A03 /* AppDelegate.m in Sources */ = {isa = PBXBuildFile; fileRef = 6EF3B846169D295F00BB1A35 /* AppDelegate.m */; };
		6ED2C47A16D1E19B005B0A03 /* CampusViewController.m in Sources */ = {isa = PBXBuildFile; fileRef = 6EF3B84F169D295F00BB1A35 /* CampusViewController.m */; };
		6ED95891179F7AFA00DA401F /* BuildingViewController.m in Sources */ = {isa = PBXBuildFile; fileRef = 6E352CD51762E4E700D2B7E7 /* BuildingViewController.m */; };
		6ED9589317A47BD200DA401F /* RoomViewController_iPhone.xib in Resources */ = {isa = PBXBuildFile; fileRef = 6ED9589217A47BD100DA401F /* RoomViewController_iPhone.xib */; };
		6ED9589617A47C8B00DA401F /* RoomViewController.m in Sources */ = {isa = PBXBuildFile; fileRef = 6ED9589517A47C8B00DA401F /* RoomViewController.m */; };
		6ED9589817A47D1A00DA401F /* RoomViewController_iPad.xib in Resources */ = {isa = PBXBuildFile; fileRef = 6ED9589717A47D1900DA401F /* RoomViewController_iPad.xib */; };
		6ED9589A17A4D59700DA401F /* RoomViewControllerSpec.mm in Sources */ = {isa = PBXBuildFile; fileRef = 6ED9589917A4D59700DA401F /* RoomViewControllerSpec.mm */; settings = {COMPILER_FLAGS = "-fno-objc-arc"; }; };
		6ED9589B17A4E2FB00DA401F /* RoomViewController.m in Sources */ = {isa = PBXBuildFile; fileRef = 6ED9589517A47C8B00DA401F /* RoomViewController.m */; };
		6ED9589D17A6CAAA00DA401F /* UserSpec.mm in Sources */ = {isa = PBXBuildFile; fileRef = 6ED9589C17A6CAAA00DA401F /* UserSpec.mm */; settings = {COMPILER_FLAGS = "-fno-objc-arc"; }; };
		6EF3B837169D295F00BB1A35 /* UIKit.framework in Frameworks */ = {isa = PBXBuildFile; fileRef = 6EF3B836169D295F00BB1A35 /* UIKit.framework */; };
		6EF3B839169D295F00BB1A35 /* Foundation.framework in Frameworks */ = {isa = PBXBuildFile; fileRef = 6EF3B838169D295F00BB1A35 /* Foundation.framework */; };
		6EF3B83B169D295F00BB1A35 /* CoreGraphics.framework in Frameworks */ = {isa = PBXBuildFile; fileRef = 6EF3B83A169D295F00BB1A35 /* CoreGraphics.framework */; };
		6EF3B841169D295F00BB1A35 /* InfoPlist.strings in Resources */ = {isa = PBXBuildFile; fileRef = 6EF3B83F169D295F00BB1A35 /* InfoPlist.strings */; };
		6EF3B843169D295F00BB1A35 /* main.m in Sources */ = {isa = PBXBuildFile; fileRef = 6EF3B842169D295F00BB1A35 /* main.m */; };
		6EF3B847169D295F00BB1A35 /* AppDelegate.m in Sources */ = {isa = PBXBuildFile; fileRef = 6EF3B846169D295F00BB1A35 /* AppDelegate.m */; };
		6EF3B849169D295F00BB1A35 /* Default.png in Resources */ = {isa = PBXBuildFile; fileRef = 6EF3B848169D295F00BB1A35 /* Default.png */; };
		6EF3B84B169D295F00BB1A35 /* Default@2x.png in Resources */ = {isa = PBXBuildFile; fileRef = 6EF3B84A169D295F00BB1A35 /* Default@2x.png */; };
		6EF3B84D169D295F00BB1A35 /* Default-568h@2x.png in Resources */ = {isa = PBXBuildFile; fileRef = 6EF3B84C169D295F00BB1A35 /* Default-568h@2x.png */; };
		6EF3B850169D295F00BB1A35 /* CampusViewController.m in Sources */ = {isa = PBXBuildFile; fileRef = 6EF3B84F169D295F00BB1A35 /* CampusViewController.m */; };
		6EF3B853169D295F00BB1A35 /* CampusViewController_iPhone.xib in Resources */ = {isa = PBXBuildFile; fileRef = 6EF3B851169D295F00BB1A35 /* CampusViewController_iPhone.xib */; };
		6EF3B856169D295F00BB1A35 /* CampusViewController_iPad.xib in Resources */ = {isa = PBXBuildFile; fileRef = 6EF3B854169D295F00BB1A35 /* CampusViewController_iPad.xib */; };
/* End PBXBuildFile section */

/* Begin PBXContainerItemProxy section */
		6EA85D5516A7B9770036451C /* PBXContainerItemProxy */ = {
			isa = PBXContainerItemProxy;
			containerPortal = 6EF3B829169D295E00BB1A35 /* Project object */;
			proxyType = 1;
			remoteGlobalIDString = 6EF3B831169D295F00BB1A35;
			remoteInfo = Locus;
		};
/* End PBXContainerItemProxy section */

/* Begin PBXFileReference section */
		6E05B66616F6CDDB00008413 /* SpatialHelper.h */ = {isa = PBXFileReference; fileEncoding = 4; lastKnownFileType = sourcecode.c.h; path = SpatialHelper.h; sourceTree = "<group>"; };
		6E05B66716F6CDDB00008413 /* SpatialHelper.m */ = {isa = PBXFileReference; fileEncoding = 4; lastKnownFileType = sourcecode.c.objc; path = SpatialHelper.m; sourceTree = "<group>"; };
		6E05B66916F6DA6700008413 /* SpatialHelperSpec.mm */ = {isa = PBXFileReference; fileEncoding = 4; lastKnownFileType = sourcecode.cpp.objcpp; path = SpatialHelperSpec.mm; sourceTree = "<group>"; };
		6E05B66B16F8141000008413 /* LocusConstants.h */ = {isa = PBXFileReference; fileEncoding = 4; lastKnownFileType = sourcecode.c.h; path = LocusConstants.h; sourceTree = "<group>"; };
		6E352CD41762E4E700D2B7E7 /* BuildingViewController.h */ = {isa = PBXFileReference; fileEncoding = 4; lastKnownFileType = sourcecode.c.h; path = BuildingViewController.h; sourceTree = "<group>"; };
		6E352CD51762E4E700D2B7E7 /* BuildingViewController.m */ = {isa = PBXFileReference; fileEncoding = 4; lastKnownFileType = sourcecode.c.objc; path = BuildingViewController.m; sourceTree = "<group>"; };
		6E352CD71762E5B000D2B7E7 /* BuildingViewController_iPhone.xib */ = {isa = PBXFileReference; fileEncoding = 4; lastKnownFileType = file.xib; path = BuildingViewController_iPhone.xib; sourceTree = "<group>"; };
		6E352CD91762FD7700D2B7E7 /* LocusViewController.h */ = {isa = PBXFileReference; fileEncoding = 4; lastKnownFileType = sourcecode.c.h; path = LocusViewController.h; sourceTree = "<group>"; };
		6E352CDA1762FD7700D2B7E7 /* LocusViewController.m */ = {isa = PBXFileReference; fileEncoding = 4; lastKnownFileType = sourcecode.c.objc; path = LocusViewController.m; sourceTree = "<group>"; };
		6E352CDC1765349E00D2B7E7 /* CampusViewControllerSpec.mm */ = {isa = PBXFileReference; fileEncoding = 4; lastKnownFileType = sourcecode.cpp.objcpp; path = CampusViewControllerSpec.mm; sourceTree = "<group>"; };
		6E5BA1A416EC3CB10052ACBF /* CouchDBHelper.h */ = {isa = PBXFileReference; fileEncoding = 4; lastKnownFileType = sourcecode.c.h; path = CouchDBHelper.h; sourceTree = "<group>"; };
		6E5BA1A516EC3CB10052ACBF /* CouchDBHelper.m */ = {isa = PBXFileReference; fileEncoding = 4; lastKnownFileType = sourcecode.c.objc; path = CouchDBHelper.m; sourceTree = "<group>"; };
		6E5BA1A816EC45C50052ACBF /* CouchbaseHelperSpec.mm */ = {isa = PBXFileReference; fileEncoding = 4; lastKnownFileType = sourcecode.cpp.objcpp; path = CouchbaseHelperSpec.mm; sourceTree = "<group>"; };
		6E62238016AD011E003F5490 /* Campus.h */ = {isa = PBXFileReference; fileEncoding = 4; lastKnownFileType = sourcecode.c.h; path = Campus.h; sourceTree = "<group>"; };
		6E62238116AD011E003F5490 /* Campus.m */ = {isa = PBXFileReference; fileEncoding = 4; lastKnownFileType = sourcecode.c.objc; path = Campus.m; sourceTree = "<group>"; };
		6E6F12DA174F1B9500E23374 /* CouchCRUD.h */ = {isa = PBXFileReference; fileEncoding = 4; lastKnownFileType = sourcecode.c.h; path = CouchCRUD.h; sourceTree = "<group>"; };
		6E6F12DB174F1F7600E23374 /* CampusSpec.mm */ = {isa = PBXFileReference; fileEncoding = 4; lastKnownFileType = sourcecode.cpp.objcpp; path = CampusSpec.mm; sourceTree = "<group>"; };
		6E77A39317DD760D00873D1E /* CouchDBHelperAsync.h */ = {isa = PBXFileReference; fileEncoding = 4; lastKnownFileType = sourcecode.c.h; path = CouchDBHelperAsync.h; sourceTree = "<group>"; };
		6E77A39417DD760D00873D1E /* CouchDBHelperAsync.m */ = {isa = PBXFileReference; fileEncoding = 4; lastKnownFileType = sourcecode.c.objc; path = CouchDBHelperAsync.m; sourceTree = "<group>"; };
		6E9127B71779562A00F735D4 /* MockCampus.h */ = {isa = PBXFileReference; fileEncoding = 4; lastKnownFileType = sourcecode.c.h; path = MockCampus.h; sourceTree = "<group>"; };
		6E9127B81779562A00F735D4 /* MockCampus.m */ = {isa = PBXFileReference; fileEncoding = 4; lastKnownFileType = sourcecode.c.objc; path = MockCampus.m; sourceTree = "<group>"; };
		6E9127BA177A86D100F735D4 /* BuildingViewController_iPad.xib */ = {isa = PBXFileReference; fileEncoding = 4; lastKnownFileType = file.xib; path = BuildingViewController_iPad.xib; sourceTree = "<group>"; };
		6E9127BC177A98F600F735D4 /* BuildingViewControllerSpec.mm */ = {isa = PBXFileReference; fileEncoding = 4; lastKnownFileType = sourcecode.cpp.objcpp; path = BuildingViewControllerSpec.mm; sourceTree = "<group>"; };
		6E9127BE177A9E5C00F735D4 /* Building.h */ = {isa = PBXFileReference; fileEncoding = 4; lastKnownFileType = sourcecode.c.h; path = Building.h; sourceTree = "<group>"; };
		6E9127BF177A9E5D00F735D4 /* Building.m */ = {isa = PBXFileReference; fileEncoding = 4; lastKnownFileType = sourcecode.c.objc; path = Building.m; sourceTree = "<group>"; };
		6E9127C1177A9F7200F735D4 /* BuildingSpec.mm */ = {isa = PBXFileReference; fileEncoding = 4; lastKnownFileType = sourcecode.cpp.objcpp; path = BuildingSpec.mm; sourceTree = "<group>"; };
		6E9127C3177BECA500F735D4 /* Datasource.m */ = {isa = PBXFileReference; fileEncoding = 4; lastKnownFileType = sourcecode.c.objc; path = Datasource.m; sourceTree = "<group>"; };
		6EA422CF1727286300558B70 /* CouchConstants.h */ = {isa = PBXFileReference; fileEncoding = 4; lastKnownFileType = sourcecode.c.h; path = CouchConstants.h; sourceTree = "<group>"; };
		6EA422D01727286300558B70 /* CouchConstants.m */ = {isa = PBXFileReference; fileEncoding = 4; lastKnownFileType = sourcecode.c.objc; path = CouchConstants.m; sourceTree = "<group>"; };
		6EA422D31727969800558B70 /* ApplicationConstants.h */ = {isa = PBXFileReference; fileEncoding = 4; lastKnownFileType = sourcecode.c.h; path = ApplicationConstants.h; sourceTree = "<group>"; };
		6EA422D41727969800558B70 /* ApplicationConstants.m */ = {isa = PBXFileReference; fileEncoding = 4; lastKnownFileType = sourcecode.c.objc; path = ApplicationConstants.m; sourceTree = "<group>"; };
		6EA85D3A16A25B230036451C /* Specs.app */ = {isa = PBXFileReference; explicitFileType = wrapper.application; includeInIndex = 0; path = Specs.app; sourceTree = BUILT_PRODUCTS_DIR; };
		6EA85D4116A25B230036451C /* Specs-Info.plist */ = {isa = PBXFileReference; lastKnownFileType = text.plist.xml; path = "Specs-Info.plist"; sourceTree = "<group>"; };
		6EA85D4316A25B230036451C /* en */ = {isa = PBXFileReference; lastKnownFileType = text.plist.strings; name = en; path = en.lproj/InfoPlist.strings; sourceTree = "<group>"; };
		6EA85D4516A25B230036451C /* main.m */ = {isa = PBXFileReference; lastKnownFileType = sourcecode.c.objc; path = main.m; sourceTree = "<group>"; };
		6EA85D4716A25B230036451C /* Specs-Prefix.pch */ = {isa = PBXFileReference; lastKnownFileType = sourcecode.c.h; path = "Specs-Prefix.pch"; sourceTree = "<group>"; };
		6EA85D4816A25B240036451C /* Cedar-iOS.framework */ = {isa = PBXFileReference; lastKnownFileType = wrapper.framework; name = "Cedar-iOS.framework"; path = "Frameworks/Cedar-iOS.framework"; sourceTree = "<group>"; };
		6EA85D4A16A25B240036451C /* ExampleSpec.mm */ = {isa = PBXFileReference; lastKnownFileType = sourcecode.cpp.objcpp; path = ExampleSpec.mm; sourceTree = "<group>"; };
		6EA85D5016A27AB40036451C /* LocationSpec.mm */ = {isa = PBXFileReference; fileEncoding = 4; lastKnownFileType = sourcecode.cpp.objcpp; path = LocationSpec.mm; sourceTree = "<group>"; };
		6EA85D5216A27BE00036451C /* Location.h */ = {isa = PBXFileReference; fileEncoding = 4; lastKnownFileType = sourcecode.c.h; path = Location.h; sourceTree = "<group>"; };
		6EA85D5316A27BE00036451C /* Location.m */ = {isa = PBXFileReference; fileEncoding = 4; lastKnownFileType = sourcecode.c.objc; path = Location.m; sourceTree = "<group>"; };
		6EA85D5716A7C0120036451C /* CoreLocation.framework */ = {isa = PBXFileReference; lastKnownFileType = wrapper.framework; name = CoreLocation.framework; path = System/Library/Frameworks/CoreLocation.framework; sourceTree = SDKROOT; };
		6EB03BA316D5E6B30046C440 /* Settings.bundle */ = {isa = PBXFileReference; lastKnownFileType = "wrapper.plug-in"; path = Settings.bundle; sourceTree = "<group>"; };
		6ED2C45F16CA0631005B0A03 /* User.h */ = {isa = PBXFileReference; fileEncoding = 4; lastKnownFileType = sourcecode.c.h; path = User.h; sourceTree = "<group>"; };
		6ED2C46016CA0631005B0A03 /* User.m */ = {isa = PBXFileReference; fileEncoding = 4; lastKnownFileType = sourcecode.c.objc; path = User.m; sourceTree = "<group>"; };
		6ED2C46F16D09906005B0A03 /* SpecHelper.h */ = {isa = PBXFileReference; fileEncoding = 4; lastKnownFileType = sourcecode.c.h; path = SpecHelper.h; sourceTree = "<group>"; };
		6ED2C47216D09ABD005B0A03 /* DatasourceSpec.mm */ = {isa = PBXFileReference; fileEncoding = 4; lastKnownFileType = sourcecode.cpp.objcpp; path = DatasourceSpec.mm; sourceTree = "<group>"; };
		6ED2C47416D09B4D005B0A03 /* Datasource.h */ = {isa = PBXFileReference; fileEncoding = 4; lastKnownFileType = sourcecode.c.h; path = Datasource.h; sourceTree = "<group>"; };
		6ED2C47716D0A272005B0A03 /* Settings.bundle */ = {isa = PBXFileReference; lastKnownFileType = "wrapper.plug-in"; name = Settings.bundle; path = ../Settings.bundle; sourceTree = "<group>"; };
		6ED9589217A47BD100DA401F /* RoomViewController_iPhone.xib */ = {isa = PBXFileReference; fileEncoding = 4; lastKnownFileType = file.xib; path = RoomViewController_iPhone.xib; sourceTree = "<group>"; };
		6ED9589417A47C8A00DA401F /* RoomViewController.h */ = {isa = PBXFileReference; fileEncoding = 4; lastKnownFileType = sourcecode.c.h; path = RoomViewController.h; sourceTree = "<group>"; };
		6ED9589517A47C8B00DA401F /* RoomViewController.m */ = {isa = PBXFileReference; fileEncoding = 4; lastKnownFileType = sourcecode.c.objc; path = RoomViewController.m; sourceTree = "<group>"; };
		6ED9589717A47D1900DA401F /* RoomViewController_iPad.xib */ = {isa = PBXFileReference; fileEncoding = 4; lastKnownFileType = file.xib; path = RoomViewController_iPad.xib; sourceTree = "<group>"; };
		6ED9589917A4D59700DA401F /* RoomViewControllerSpec.mm */ = {isa = PBXFileReference; fileEncoding = 4; lastKnownFileType = sourcecode.cpp.objcpp; path = RoomViewControllerSpec.mm; sourceTree = "<group>"; };
		6ED9589C17A6CAAA00DA401F /* UserSpec.mm */ = {isa = PBXFileReference; fileEncoding = 4; lastKnownFileType = sourcecode.cpp.objcpp; path = UserSpec.mm; sourceTree = "<group>"; };
		6EF3B832169D295F00BB1A35 /* Locus.app */ = {isa = PBXFileReference; explicitFileType = wrapper.application; includeInIndex = 0; path = Locus.app; sourceTree = BUILT_PRODUCTS_DIR; };
		6EF3B836169D295F00BB1A35 /* UIKit.framework */ = {isa = PBXFileReference; lastKnownFileType = wrapper.framework; name = UIKit.framework; path = System/Library/Frameworks/UIKit.framework; sourceTree = SDKROOT; };
		6EF3B838169D295F00BB1A35 /* Foundation.framework */ = {isa = PBXFileReference; lastKnownFileType = wrapper.framework; name = Foundation.framework; path = System/Library/Frameworks/Foundation.framework; sourceTree = SDKROOT; };
		6EF3B83A169D295F00BB1A35 /* CoreGraphics.framework */ = {isa = PBXFileReference; lastKnownFileType = wrapper.framework; name = CoreGraphics.framework; path = System/Library/Frameworks/CoreGraphics.framework; sourceTree = SDKROOT; };
		6EF3B83E169D295F00BB1A35 /* Locus-Info.plist */ = {isa = PBXFileReference; lastKnownFileType = text.plist.xml; path = "Locus-Info.plist"; sourceTree = "<group>"; };
		6EF3B840169D295F00BB1A35 /* en */ = {isa = PBXFileReference; lastKnownFileType = text.plist.strings; name = en; path = en.lproj/InfoPlist.strings; sourceTree = "<group>"; };
		6EF3B842169D295F00BB1A35 /* main.m */ = {isa = PBXFileReference; lastKnownFileType = sourcecode.c.objc; path = main.m; sourceTree = "<group>"; };
		6EF3B844169D295F00BB1A35 /* Locus-Prefix.pch */ = {isa = PBXFileReference; lastKnownFileType = sourcecode.c.h; path = "Locus-Prefix.pch"; sourceTree = "<group>"; };
		6EF3B845169D295F00BB1A35 /* AppDelegate.h */ = {isa = PBXFileReference; lastKnownFileType = sourcecode.c.h; path = AppDelegate.h; sourceTree = "<group>"; };
		6EF3B846169D295F00BB1A35 /* AppDelegate.m */ = {isa = PBXFileReference; lastKnownFileType = sourcecode.c.objc; path = AppDelegate.m; sourceTree = "<group>"; };
		6EF3B848169D295F00BB1A35 /* Default.png */ = {isa = PBXFileReference; lastKnownFileType = image.png; path = Default.png; sourceTree = "<group>"; };
		6EF3B84A169D295F00BB1A35 /* Default@2x.png */ = {isa = PBXFileReference; lastKnownFileType = image.png; path = "Default@2x.png"; sourceTree = "<group>"; };
		6EF3B84C169D295F00BB1A35 /* Default-568h@2x.png */ = {isa = PBXFileReference; lastKnownFileType = image.png; path = "Default-568h@2x.png"; sourceTree = "<group>"; };
		6EF3B84E169D295F00BB1A35 /* CampusViewController.h */ = {isa = PBXFileReference; lastKnownFileType = sourcecode.c.h; path = CampusViewController.h; sourceTree = "<group>"; };
		6EF3B84F169D295F00BB1A35 /* CampusViewController.m */ = {isa = PBXFileReference; lastKnownFileType = sourcecode.c.objc; path = CampusViewController.m; sourceTree = "<group>"; };
		6EF3B852169D295F00BB1A35 /* en */ = {isa = PBXFileReference; lastKnownFileType = file.xib; name = en; path = en.lproj/CampusViewController_iPhone.xib; sourceTree = "<group>"; };
		6EF3B855169D295F00BB1A35 /* en */ = {isa = PBXFileReference; lastKnownFileType = file.xib; name = en; path = en.lproj/CampusViewController_iPad.xib; sourceTree = "<group>"; };
/* End PBXFileReference section */

/* Begin PBXFrameworksBuildPhase section */
		6EA85D3716A25B230036451C /* Frameworks */ = {
			isa = PBXFrameworksBuildPhase;
			buildActionMask = 2147483647;
			files = (
				6EA85D5A16A7C4BB0036451C /* CoreLocation.framework in Frameworks */,
				6EA85D3C16A25B230036451C /* UIKit.framework in Frameworks */,
				6EA85D3D16A25B230036451C /* Foundation.framework in Frameworks */,
				6EA85D3E16A25B230036451C /* CoreGraphics.framework in Frameworks */,
				6EA85D4916A25B240036451C /* Cedar-iOS.framework in Frameworks */,
			);
			runOnlyForDeploymentPostprocessing = 0;
		};
		6EF3B82F169D295F00BB1A35 /* Frameworks */ = {
			isa = PBXFrameworksBuildPhase;
			buildActionMask = 2147483647;
			files = (
				6EA85D5816A7C0130036451C /* CoreLocation.framework in Frameworks */,
				6EF3B837169D295F00BB1A35 /* UIKit.framework in Frameworks */,
				6EF3B839169D295F00BB1A35 /* Foundation.framework in Frameworks */,
				6EF3B83B169D295F00BB1A35 /* CoreGraphics.framework in Frameworks */,
			);
			runOnlyForDeploymentPostprocessing = 0;
		};
/* End PBXFrameworksBuildPhase section */

/* Begin PBXGroup section */
		6EA85D3F16A25B230036451C /* Specs */ = {
			isa = PBXGroup;
			children = (
				6ED2C47716D0A272005B0A03 /* Settings.bundle */,
				6EA85D4816A25B240036451C /* Cedar-iOS.framework */,
				6EA85D4A16A25B240036451C /* ExampleSpec.mm */,
				6EA85D4016A25B230036451C /* Supporting Files */,
				6EA85D5016A27AB40036451C /* LocationSpec.mm */,
				6ED2C46F16D09906005B0A03 /* SpecHelper.h */,
				6ED2C47216D09ABD005B0A03 /* DatasourceSpec.mm */,
				6E5BA1A816EC45C50052ACBF /* CouchbaseHelperSpec.mm */,
				6E05B66916F6DA6700008413 /* SpatialHelperSpec.mm */,
				6E6F12DB174F1F7600E23374 /* CampusSpec.mm */,
				6E352CDC1765349E00D2B7E7 /* CampusViewControllerSpec.mm */,
				6E9127B71779562A00F735D4 /* MockCampus.h */,
				6E9127B81779562A00F735D4 /* MockCampus.m */,
				6E9127BC177A98F600F735D4 /* BuildingViewControllerSpec.mm */,
				6E9127C1177A9F7200F735D4 /* BuildingSpec.mm */,
				6ED9589917A4D59700DA401F /* RoomViewControllerSpec.mm */,
				6ED9589C17A6CAAA00DA401F /* UserSpec.mm */,
			);
			path = Specs;
			sourceTree = "<group>";
		};
		6EA85D4016A25B230036451C /* Supporting Files */ = {
			isa = PBXGroup;
			children = (
				6EA85D4116A25B230036451C /* Specs-Info.plist */,
				6EA85D4216A25B230036451C /* InfoPlist.strings */,
				6EA85D4516A25B230036451C /* main.m */,
				6EA85D4716A25B230036451C /* Specs-Prefix.pch */,
			);
			name = "Supporting Files";
			sourceTree = "<group>";
		};
		6EF3B827169D295E00BB1A35 = {
			isa = PBXGroup;
			children = (
				6EB03BA316D5E6B30046C440 /* Settings.bundle */,
				6EA85D5716A7C0120036451C /* CoreLocation.framework */,
				6EF3B83C169D295F00BB1A35 /* Locus */,
				6EA85D3F16A25B230036451C /* Specs */,
				6EF3B835169D295F00BB1A35 /* Frameworks */,
				6EF3B833169D295F00BB1A35 /* Products */,
			);
			sourceTree = "<group>";
		};
		6EF3B833169D295F00BB1A35 /* Products */ = {
			isa = PBXGroup;
			children = (
				6EF3B832169D295F00BB1A35 /* Locus.app */,
				6EA85D3A16A25B230036451C /* Specs.app */,
			);
			name = Products;
			sourceTree = "<group>";
		};
		6EF3B835169D295F00BB1A35 /* Frameworks */ = {
			isa = PBXGroup;
			children = (
				6EF3B836169D295F00BB1A35 /* UIKit.framework */,
				6EF3B838169D295F00BB1A35 /* Foundation.framework */,
				6EF3B83A169D295F00BB1A35 /* CoreGraphics.framework */,
			);
			name = Frameworks;
			sourceTree = "<group>";
		};
		6EF3B83C169D295F00BB1A35 /* Locus */ = {
			isa = PBXGroup;
			children = (
				6EF3B845169D295F00BB1A35 /* AppDelegate.h */,
				6EF3B846169D295F00BB1A35 /* AppDelegate.m */,
				6EF3B84E169D295F00BB1A35 /* CampusViewController.h */,
				6EF3B84F169D295F00BB1A35 /* CampusViewController.m */,
				6EF3B851169D295F00BB1A35 /* CampusViewController_iPhone.xib */,
				6EF3B854169D295F00BB1A35 /* CampusViewController_iPad.xib */,
				6EF3B83D169D295F00BB1A35 /* Supporting Files */,
				6EA85D5216A27BE00036451C /* Location.h */,
				6EA85D5316A27BE00036451C /* Location.m */,
				6E62238016AD011E003F5490 /* Campus.h */,
				6E62238116AD011E003F5490 /* Campus.m */,
				6ED2C45F16CA0631005B0A03 /* User.h */,
				6ED2C46016CA0631005B0A03 /* User.m */,
				6ED2C47416D09B4D005B0A03 /* Datasource.h */,
				6E77A39317DD760D00873D1E /* CouchDBHelperAsync.h */,
				6E77A39417DD760D00873D1E /* CouchDBHelperAsync.m */,
				6E5BA1A416EC3CB10052ACBF /* CouchDBHelper.h */,
				6E5BA1A516EC3CB10052ACBF /* CouchDBHelper.m */,
				6E05B66616F6CDDB00008413 /* SpatialHelper.h */,
				6E05B66716F6CDDB00008413 /* SpatialHelper.m */,
				6E05B66B16F8141000008413 /* LocusConstants.h */,
				6EA422CF1727286300558B70 /* CouchConstants.h */,
				6EA422D01727286300558B70 /* CouchConstants.m */,
				6EA422D31727969800558B70 /* ApplicationConstants.h */,
				6EA422D41727969800558B70 /* ApplicationConstants.m */,
				6E6F12DA174F1B9500E23374 /* CouchCRUD.h */,
				6E352CD41762E4E700D2B7E7 /* BuildingViewController.h */,
				6E352CD51762E4E700D2B7E7 /* BuildingViewController.m */,
				6E352CD71762E5B000D2B7E7 /* BuildingViewController_iPhone.xib */,
				6E352CD91762FD7700D2B7E7 /* LocusViewController.h */,
				6E352CDA1762FD7700D2B7E7 /* LocusViewController.m */,
				6E9127BA177A86D100F735D4 /* BuildingViewController_iPad.xib */,
				6E9127BE177A9E5C00F735D4 /* Building.h */,
				6E9127BF177A9E5D00F735D4 /* Building.m */,
				6E9127C3177BECA500F735D4 /* Datasource.m */,
				6ED9589217A47BD100DA401F /* RoomViewController_iPhone.xib */,
				6ED9589717A47D1900DA401F /* RoomViewController_iPad.xib */,
				6ED9589417A47C8A00DA401F /* RoomViewController.h */,
				6ED9589517A47C8B00DA401F /* RoomViewController.m */,
			);
			path = Locus;
			sourceTree = "<group>";
		};
		6EF3B83D169D295F00BB1A35 /* Supporting Files */ = {
			isa = PBXGroup;
			children = (
				6EF3B83E169D295F00BB1A35 /* Locus-Info.plist */,
				6EF3B83F169D295F00BB1A35 /* InfoPlist.strings */,
				6EF3B842169D295F00BB1A35 /* main.m */,
				6EF3B844169D295F00BB1A35 /* Locus-Prefix.pch */,
				6EF3B848169D295F00BB1A35 /* Default.png */,
				6EF3B84A169D295F00BB1A35 /* Default@2x.png */,
				6EF3B84C169D295F00BB1A35 /* Default-568h@2x.png */,
			);
			name = "Supporting Files";
			sourceTree = "<group>";
		};
/* End PBXGroup section */

/* Begin PBXNativeTarget section */
		6EA85D3916A25B230036451C /* Specs */ = {
			isa = PBXNativeTarget;
			buildConfigurationList = 6EA85D4E16A25B240036451C /* Build configuration list for PBXNativeTarget "Specs" */;
			buildPhases = (
				6EA85D3616A25B230036451C /* Sources */,
				6EA85D3716A25B230036451C /* Frameworks */,
				6EA85D3816A25B230036451C /* Resources */,
			);
			buildRules = (
			);
			dependencies = (
				6EA85D5616A7B9770036451C /* PBXTargetDependency */,
			);
			name = Specs;
			productName = Specs;
			productReference = 6EA85D3A16A25B230036451C /* Specs.app */;
			productType = "com.apple.product-type.application";
		};
		6EF3B831169D295F00BB1A35 /* Locus */ = {
			isa = PBXNativeTarget;
			buildConfigurationList = 6EF3B859169D295F00BB1A35 /* Build configuration list for PBXNativeTarget "Locus" */;
			buildPhases = (
				6EF3B82E169D295F00BB1A35 /* Sources */,
				6EF3B82F169D295F00BB1A35 /* Frameworks */,
				6EF3B830169D295F00BB1A35 /* Resources */,
			);
			buildRules = (
			);
			dependencies = (
			);
			name = Locus;
			productName = Locus;
			productReference = 6EF3B832169D295F00BB1A35 /* Locus.app */;
			productType = "com.apple.product-type.application";
		};
/* End PBXNativeTarget section */

/* Begin PBXProject section */
		6EF3B829169D295E00BB1A35 /* Project object */ = {
			isa = PBXProject;
			attributes = {
				LastUpgradeCheck = 0450;
				ORGANIZATIONNAME = "barry alexander";
			};
			buildConfigurationList = 6EF3B82C169D295E00BB1A35 /* Build configuration list for PBXProject "Locus" */;
			compatibilityVersion = "Xcode 3.2";
			developmentRegion = English;
			hasScannedForEncodings = 0;
			knownRegions = (
				en,
			);
			mainGroup = 6EF3B827169D295E00BB1A35;
			productRefGroup = 6EF3B833169D295F00BB1A35 /* Products */;
			projectDirPath = "";
			projectRoot = "";
			targets = (
				6EF3B831169D295F00BB1A35 /* Locus */,
				6EA85D3916A25B230036451C /* Specs */,
			);
		};
/* End PBXProject section */

/* Begin PBXResourcesBuildPhase section */
		6EA85D3816A25B230036451C /* Resources */ = {
			isa = PBXResourcesBuildPhase;
			buildActionMask = 2147483647;
			files = (
				6EB03BA416D5E6B30046C440 /* Settings.bundle in Resources */,
				6EA85D4416A25B230036451C /* InfoPlist.strings in Resources */,
			);
			runOnlyForDeploymentPostprocessing = 0;
		};
		6EF3B830169D295F00BB1A35 /* Resources */ = {
			isa = PBXResourcesBuildPhase;
			buildActionMask = 2147483647;
			files = (
				6EF3B841169D295F00BB1A35 /* InfoPlist.strings in Resources */,
				6EF3B849169D295F00BB1A35 /* Default.png in Resources */,
				6EF3B84B169D295F00BB1A35 /* Default@2x.png in Resources */,
				6EF3B84D169D295F00BB1A35 /* Default-568h@2x.png in Resources */,
				6EF3B853169D295F00BB1A35 /* CampusViewController_iPhone.xib in Resources */,
				6EF3B856169D295F00BB1A35 /* CampusViewController_iPad.xib in Resources */,
				6ED2C47816D0A272005B0A03 /* Settings.bundle in Resources */,
				6E352CD81762E5B000D2B7E7 /* BuildingViewController_iPhone.xib in Resources */,
				6E9127BB177A86D100F735D4 /* BuildingViewController_iPad.xib in Resources */,
				6ED9589317A47BD200DA401F /* RoomViewController_iPhone.xib in Resources */,
				6ED9589817A47D1A00DA401F /* RoomViewController_iPad.xib in Resources */,
			);
			runOnlyForDeploymentPostprocessing = 0;
		};
/* End PBXResourcesBuildPhase section */

/* Begin PBXSourcesBuildPhase section */
		6EA85D3616A25B230036451C /* Sources */ = {
			isa = PBXSourcesBuildPhase;
			buildActionMask = 2147483647;
			files = (
				6E77A39617DD846B00873D1E /* CouchDBHelperAsync.m in Sources */,
				6ED9589B17A4E2FB00DA401F /* RoomViewController.m in Sources */,
				6ED95891179F7AFA00DA401F /* BuildingViewController.m in Sources */,
				6E9127C6177C04CD00F735D4 /* Building.m in Sources */,
				6E9127C5177BEFA700F735D4 /* Datasource.m in Sources */,
				6E72F2CB1728E611001D8BF6 /* ApplicationConstants.m in Sources */,
				6EA422D21727562800558B70 /* CouchConstants.m in Sources */,
				6E05B66D16F81D2700008413 /* SpatialHelper.m in Sources */,
				6E05B66C16F8150000008413 /* LocusConstants.h in Sources */,
				6ED2C47A16D1E19B005B0A03 /* CampusViewController.m in Sources */,
				6ED2C47916D1E163005B0A03 /* AppDelegate.m in Sources */,
				6ED2C46616CB5215005B0A03 /* User.m in Sources */,
				6E62238516AD0910003F5490 /* Campus.m in Sources */,
				6E62238316AD08E9003F5490 /* Location.m in Sources */,
				6EA85D4616A25B230036451C /* main.m in Sources */,
				6EA85D4B16A25B240036451C /* ExampleSpec.mm in Sources */,
				6EA85D5116A27AB40036451C /* LocationSpec.mm in Sources */,
				6ED2C47316D09ABD005B0A03 /* DatasourceSpec.mm in Sources */,
				6E5BA1A716EC3CB10052ACBF /* CouchDBHelper.m in Sources */,
				6E5BA1A916EC45C50052ACBF /* CouchbaseHelperSpec.mm in Sources */,
				6E05B66A16F6DA6700008413 /* SpatialHelperSpec.mm in Sources */,
				6E6F12DC174F1F7600E23374 /* CampusSpec.mm in Sources */,
				6E352CDD1765349E00D2B7E7 /* CampusViewControllerSpec.mm in Sources */,
				6E9127B91779562A00F735D4 /* MockCampus.m in Sources */,
				6E9127BD177A98F600F735D4 /* BuildingViewControllerSpec.mm in Sources */,
				6E9127C2177A9F7200F735D4 /* BuildingSpec.mm in Sources */,
				6ED9589A17A4D59700DA401F /* RoomViewControllerSpec.mm in Sources */,
				6ED9589D17A6CAAA00DA401F /* UserSpec.mm in Sources */,
			);
			runOnlyForDeploymentPostprocessing = 0;
		};
		6EF3B82E169D295F00BB1A35 /* Sources */ = {
			isa = PBXSourcesBuildPhase;
			buildActionMask = 2147483647;
			files = (
				6EF3B843169D295F00BB1A35 /* main.m in Sources */,
				6EF3B847169D295F00BB1A35 /* AppDelegate.m in Sources */,
				6EF3B850169D295F00BB1A35 /* CampusViewController.m in Sources */,
				6EA85D5416A27BE00036451C /* Location.m in Sources */,
				6E62238216AD011E003F5490 /* Campus.m in Sources */,
				6ED2C46116CA0631005B0A03 /* User.m in Sources */,
				6E5BA1A616EC3CB10052ACBF /* CouchDBHelper.m in Sources */,
				6E05B66816F6CDDB00008413 /* SpatialHelper.m in Sources */,
				6EA422D11727286300558B70 /* CouchConstants.m in Sources */,
				6EA422D51727969900558B70 /* ApplicationConstants.m in Sources */,
				6E352CD61762E4E700D2B7E7 /* BuildingViewController.m in Sources */,
				6E352CDB1762FD7700D2B7E7 /* LocusViewController.m in Sources */,
				6E9127C0177A9E5D00F735D4 /* Building.m in Sources */,
				6E9127C4177BECA500F735D4 /* Datasource.m in Sources */,
				6ED9589617A47C8B00DA401F /* RoomViewController.m in Sources */,
				6E77A39517DD760D00873D1E /* CouchDBHelperAsync.m in Sources */,
			);
			runOnlyForDeploymentPostprocessing = 0;
		};
/* End PBXSourcesBuildPhase section */

/* Begin PBXTargetDependency section */
		6EA85D5616A7B9770036451C /* PBXTargetDependency */ = {
			isa = PBXTargetDependency;
			target = 6EF3B831169D295F00BB1A35 /* Locus */;
			targetProxy = 6EA85D5516A7B9770036451C /* PBXContainerItemProxy */;
		};
/* End PBXTargetDependency section */

/* Begin PBXVariantGroup section */
		6EA85D4216A25B230036451C /* InfoPlist.strings */ = {
			isa = PBXVariantGroup;
			children = (
				6EA85D4316A25B230036451C /* en */,
			);
			name = InfoPlist.strings;
			sourceTree = "<group>";
		};
		6EF3B83F169D295F00BB1A35 /* InfoPlist.strings */ = {
			isa = PBXVariantGroup;
			children = (
				6EF3B840169D295F00BB1A35 /* en */,
			);
			name = InfoPlist.strings;
			sourceTree = "<group>";
		};
		6EF3B851169D295F00BB1A35 /* CampusViewController_iPhone.xib */ = {
			isa = PBXVariantGroup;
			children = (
				6EF3B852169D295F00BB1A35 /* en */,
			);
			name = CampusViewController_iPhone.xib;
			sourceTree = "<group>";
		};
		6EF3B854169D295F00BB1A35 /* CampusViewController_iPad.xib */ = {
			isa = PBXVariantGroup;
			children = (
				6EF3B855169D295F00BB1A35 /* en */,
			);
			name = CampusViewController_iPad.xib;
			sourceTree = "<group>";
		};
/* End PBXVariantGroup section */

/* Begin XCBuildConfiguration section */
		6EA85D4C16A25B240036451C /* Debug */ = {
			isa = XCBuildConfiguration;
			buildSettings = {
				CLANG_ENABLE_OBJC_ARC = NO;
				"CODE_SIGN_IDENTITY[sdk=iphoneos*]" = "iPhone Developer";
				FRAMEWORK_SEARCH_PATHS = (
					"$(inherited)",
					"\"$(SRCROOT)/Specs/Frameworks\"",
				);
				GCC_PRECOMPILE_PREFIX_HEADER = YES;
				GCC_PREFIX_HEADER = "Specs/Specs-Prefix.pch";
				INFOPLIST_FILE = "Specs/Specs-Info.plist";
				OTHER_LDFLAGS = (
					"-ObjC",
					"-all_load",
					"-lstdc++",
				);
				PRODUCT_NAME = "$(TARGET_NAME)";
				WRAPPER_EXTENSION = app;
			};
			name = Debug;
		};
		6EA85D4D16A25B240036451C /* Release */ = {
			isa = XCBuildConfiguration;
			buildSettings = {
				CLANG_ENABLE_OBJC_ARC = NO;
				"CODE_SIGN_IDENTITY[sdk=iphoneos*]" = "iPhone Developer";
				FRAMEWORK_SEARCH_PATHS = (
					"$(inherited)",
					"\"$(SRCROOT)/Specs/Frameworks\"",
				);
				GCC_PRECOMPILE_PREFIX_HEADER = YES;
				GCC_PREFIX_HEADER = "Specs/Specs-Prefix.pch";
				INFOPLIST_FILE = "Specs/Specs-Info.plist";
				OTHER_CFLAGS = "-DNS_BLOCK_ASSERTIONS=1";
				OTHER_LDFLAGS = (
					"-ObjC",
					"-all_load",
					"-lstdc++",
				);
				PRODUCT_NAME = "$(TARGET_NAME)";
				WRAPPER_EXTENSION = app;
			};
			name = Release;
		};
		6EF3B857169D295F00BB1A35 /* Debug */ = {
			isa = XCBuildConfiguration;
			buildSettings = {
				ALWAYS_SEARCH_USER_PATHS = NO;
				CLANG_CXX_LANGUAGE_STANDARD = "gnu++0x";
				CLANG_CXX_LIBRARY = "libc++";
				CLANG_WARN_EMPTY_BODY = YES;
				CLANG_WARN__DUPLICATE_METHOD_MATCH = YES;
				"CODE_SIGN_IDENTITY[sdk=iphoneos*]" = "iPhone Developer";
				COPY_PHASE_STRIP = NO;
				GCC_C_LANGUAGE_STANDARD = gnu99;
				GCC_DYNAMIC_NO_PIC = NO;
				GCC_OPTIMIZATION_LEVEL = 0;
				GCC_PREPROCESSOR_DEFINITIONS = (
					"DEBUG=1",
					"$(inherited)",
				);
				GCC_SYMBOLS_PRIVATE_EXTERN = NO;
				GCC_WARN_ABOUT_RETURN_TYPE = YES;
				GCC_WARN_UNINITIALIZED_AUTOS = YES;
				GCC_WARN_UNUSED_VARIABLE = YES;
				IPHONEOS_DEPLOYMENT_TARGET = 6.1;
				ONLY_ACTIVE_ARCH = YES;
				SDKROOT = iphoneos;
				TARGETED_DEVICE_FAMILY = "1,2";
			};
			name = Debug;
		};
		6EF3B858169D295F00BB1A35 /* Release */ = {
			isa = XCBuildConfiguration;
			buildSettings = {
				ALWAYS_SEARCH_USER_PATHS = NO;
				CLANG_CXX_LANGUAGE_STANDARD = "gnu++0x";
				CLANG_CXX_LIBRARY = "libc++";
				CLANG_WARN_EMPTY_BODY = YES;
				CLANG_WARN__DUPLICATE_METHOD_MATCH = YES;
				"CODE_SIGN_IDENTITY[sdk=iphoneos*]" = "iPhone Developer";
				COPY_PHASE_STRIP = YES;
				GCC_C_LANGUAGE_STANDARD = gnu99;
				GCC_WARN_ABOUT_RETURN_TYPE = YES;
				GCC_WARN_UNINITIALIZED_AUTOS = YES;
				GCC_WARN_UNUSED_VARIABLE = YES;
				IPHONEOS_DEPLOYMENT_TARGET = 6.1;
				OTHER_CFLAGS = "-DNS_BLOCK_ASSERTIONS=1";
				SDKROOT = iphoneos;
				TARGETED_DEVICE_FAMILY = "1,2";
				VALIDATE_PRODUCT = YES;
			};
			name = Release;
		};
		6EF3B85A169D295F00BB1A35 /* Debug */ = {
			isa = XCBuildConfiguration;
			buildSettings = {
				CLANG_ENABLE_OBJC_ARC = YES;
				GCC_PRECOMPILE_PREFIX_HEADER = YES;
				GCC_PREFIX_HEADER = "Locus/Locus-Prefix.pch";
				INFOPLIST_FILE = "Locus/Locus-Info.plist";
				PRODUCT_NAME = "$(TARGET_NAME)";
				WRAPPER_EXTENSION = app;
			};
			name = Debug;
		};
		6EF3B85B169D295F00BB1A35 /* Release */ = {
			isa = XCBuildConfiguration;
			buildSettings = {
				CLANG_ENABLE_OBJC_ARC = YES;
				GCC_PRECOMPILE_PREFIX_HEADER = YES;
				GCC_PREFIX_HEADER = "Locus/Locus-Prefix.pch";
				INFOPLIST_FILE = "Locus/Locus-Info.plist";
				PRODUCT_NAME = "$(TARGET_NAME)";
				WRAPPER_EXTENSION = app;
			};
			name = Release;
		};
/* End XCBuildConfiguration section */

/* Begin XCConfigurationList section */
		6EA85D4E16A25B240036451C /* Build configuration list for PBXNativeTarget "Specs" */ = {
			isa = XCConfigurationList;
			buildConfigurations = (
				6EA85D4C16A25B240036451C /* Debug */,
				6EA85D4D16A25B240036451C /* Release */,
			);
			defaultConfigurationIsVisible = 0;
			defaultConfigurationName = Release;
		};
		6EF3B82C169D295E00BB1A35 /* Build configuration list for PBXProject "Locus" */ = {
			isa = XCConfigurationList;
			buildConfigurations = (
				6EF3B857169D295F00BB1A35 /* Debug */,
				6EF3B858169D295F00BB1A35 /* Release */,
			);
			defaultConfigurationIsVisible = 0;
			defaultConfigurationName = Release;
		};
		6EF3B859169D295F00BB1A35 /* Build configuration list for PBXNativeTarget "Locus" */ = {
			isa = XCConfigurationList;
			buildConfigurations = (
				6EF3B85A169D295F00BB1A35 /* Debug */,
				6EF3B85B169D295F00BB1A35 /* Release */,
			);
			defaultConfigurationIsVisible = 0;
			defaultConfigurationName = Release;
		};
/* End XCConfigurationList section */
	};
	rootObject = 6EF3B829169D295E00BB1A35 /* Project object */;
}
